github.com/klauspost/compress v1.18.5 h1:/h1gH5Ce+VWNLSWqPzOVn6XBO+vJbCNGvjoaGBFW2IE=
github.com/klauspost/compress v1.18.5/go.mod h1:cwPg85FWrGar70rWktvGQj8/hthj3wpl0PGDogxkrSQ=
github.com/nats-io/nats.go v1.53.1 h1:Otsq3uLc/kLdjmkNHkXH0jBqwUquwdKFoe3fq6/3/Xo=
github.com/nats-io/nats.go v1.53.1/go.mod h1:26HypzazeOkyO3/mqd1zZd53STJN0EjCYF9Uy2ZOBno=
github.com/nats-io/nkeys v0.4.15 h1:JACV5jRVO9V856KOapQ7x+EY8Jo3qw1vJt/9Jpwzkk4=
github.com/nats-io/nkeys v0.4.15/go.mod h1:CpMchTXC9fxA5zrMo4KpySxNjiDVvr8ANOSZdiNfUrs=
github.com/nats-io/nuid v1.0.1 h1:5iA8DT8V7q8WK2EScv2padNa/rTESc1KdnPw4TC2paw=
github.com/nats-io/nuid v1.0.1/go.mod h1:19wcPz3Ph3q0Jbyiqsd0kePYG7A95tJPxeL+1OSON2c=
github.com/nimsforest/nimsforesttool v0.1.1 h1:yoIKsyepnQC6YvKh+l3YXoeA/I6p0sB71mJP7tk5tuw=
github.com/nimsforest/nimsforesttool v0.1.1/go.mod h1:TOi3Z7yVLegO4Y0ZGwaEwY5Q37u5FV1QSvzS9w8f/yM=
github.com/nimsforest/nimsforesttool v0.4.0 h1:JyEHPjMiI+Glk09VFeBKVKUsgHhDGr9b1W3Z9/Be0Js=
github.com/nimsforest/nimsforesttool v0.4.0/go.mod h1:j8gxoJOqtP4lSdBstNesNHnh9ctLm8mhCts0Zgx+/6g=
github.com/nimsforest/nimsforestwebcomponents v0.19.1 h1:AsJzC0vs8SNd3I5RLVys+GMSqW4vr9MAtCzl6gJBjBA=
github.com/nimsforest/nimsforestwebcomponents v0.19.1/go.mod h1:2SbZyNw6X38SrE0lNng434i/PuC/WxyHC5+zonMjM/U=
github.com/yuin/goldmark v1.8.2 h1:kEGpgqJXdgbkhcOgBxkC0X0PmoPG1ZyoZ117rDVp4zE=
github.com/yuin/goldmark v1.8.2/go.mod h1:ip/1k0VRfGynBgxOz0yCqHrbZXhcjxyuS66Brc7iBKg=
golang.org/x/crypto v0.49.0 h1:+Ng2ULVvLHnJ/ZFEq4KdcDd/cfjrrjjNSXNzxg0Y4U4=
golang.org/x/crypto v0.49.0/go.mod h1:ErX4dUh2UM+CFYiXZRTcMpEcN8b/1gxEuv3nODoYtCA=
golang.org/x/crypto v0.52.0 h1:RMs7fP2rXdep0CftQlK8Uf+kibLm7qkCcradZWYz988=
golang.org/x/crypto v0.52.0/go.mod h1:1QgfPxDqh0T2M/elOJtp9RvuR95kVjir0e6/BvEmGbc=
golang.org/x/sys v0.42.0 h1:omrd2nAlyT5ESRdCLYdm3+fMfNFE/+Rf4bDIQImRJeo=
golang.org/x/sys v0.42.0/go.mod h1:4GL1E5IUh+htKOUEOaiffhrAeqysfVGipDYzABqnCmw=
golang.org/x/sys v0.47.0 h1:o7XGOvZQCADBQQ4Y7VNq2dRWQR7JmOUW8Kxx4ZsNgWs=
golang.org/x/sys v0.47.0/go.mod h1:4GL1E5IUh+htKOUEOaiffhrAeqysfVGipDYzABqnCmw=
